
Microsoft Visual Studio Solution File, Format Version 12.00
# Visual Studio Version 17
VisualStudioVersion = 17.5.33627.172
MinimumVisualStudioVersion = 10.0.40219.1
Project("{FAE04EC0-301F-11D3-BF4B-00C04F79EFBC}") = "TurismoGlobalArandas", "TurismoGlobalArandas\TurismoGlobalArandas.csproj", "{62307FB9-1470-4060-9BB9-EA5C1A4F92F8}"
EndProject
Global
	GlobalSection(SolutionConfigurationPlatforms) = preSolution
		Debug|Any CPU = Debug|Any CPU
		Release|Any CPU = Release|Any CPU
	EndGlobalSection
	GlobalSection(ProjectConfigurationPlatforms) = postSolution
		{62307FB9-1470-4060-9BB9-EA5C1A4F92F8}.Debug|Any CPU.ActiveCfg = Debug|Any CPU
		{62307FB9-1470-4060-9BB9-EA5C1A4F92F8}.Debug|Any CPU.Build.0 = Debug|Any CPU
		{62307FB9-1470-4060-9BB9-EA5C1A4F92F8}.Release|Any CPU.ActiveCfg = Release|Any CPU
		{62307FB9-1470-4060-9BB9-EA5C1A4F92F8}.Release|Any CPU.Build.0 = Release|Any CPU
	EndGlobalSection
	GlobalSection(SolutionProperties) = preSolution
		HideSolutionNode = FALSE
	EndGlobalSection
	GlobalSection(ExtensibilityGlobals) = postSolution
		SolutionGuid = {D78FD3EF-4A88-4C45-891A-945CAD85D72A}
	EndGlobalSection
EndGlobal
